
Microsoft Visual Studio Solution File, Format Version 12.00
# Visual Studio Version 17
VisualStudioVersion = 17.11.35327.3
MinimumVisualStudioVersion = 10.0.40219.1
Project("{FAE04EC0-301F-11D3-BF4B-00C04F79EFBC}") = "16", "16.csproj", "{33852F22-C39D-49E9-A33B-EB699C173FEC}"
EndProject
Global
	GlobalSection(SolutionConfigurationPlatforms) = preSolution
		Debug|Any CPU = Debug|Any CPU
		Release|Any CPU = Release|Any CPU
	EndGlobalSection
	GlobalSection(ProjectConfigurationPlatforms) = postSolution
		{33852F22-C39D-49E9-A33B-EB699C173FEC}.Debug|Any CPU.ActiveCfg = Debug|Any CPU
		{33852F22-C39D-49E9-A33B-EB699C173FEC}.Debug|Any CPU.Build.0 = Debug|Any CPU
		{33852F22-C39D-49E9-A33B-EB699C173FEC}.Release|Any CPU.ActiveCfg = Release|Any CPU
		{33852F22-C39D-49E9-A33B-EB699C173FEC}.Release|Any CPU.Build.0 = Release|Any CPU
	EndGlobalSection
	GlobalSection(SolutionProperties) = preSolution
		HideSolutionNode = FALSE
	EndGlobalSection
	GlobalSection(ExtensibilityGlobals) = postSolution
		SolutionGuid = {7B4D30FF-9C27-41AE-B4D2-F839FE581408}
	EndGlobalSection
EndGlobal
